// !$*UTF8*$!
{
	archiveVersion = 1;
	classes = {
	};
	objectVersion = 56;
	objects = {

/* Begin PBXBuildFile section */
		6D159E8B2AA0133100AB611D /* TichuTests.swift in Sources */ = {isa = PBXBuildFile; fileRef = 6D159E8A2AA0133100AB611D /* TichuTests.swift */; };
		6D159E942AA0137F00AB611D /* EvaluateHandTest.swift in Sources */ = {isa = PBXBuildFile; fileRef = 6D159E932AA0137F00AB611D /* EvaluateHandTest.swift */; };
		6D4447902A493DDF007F0C79 /* MainView.swift in Sources */ = {isa = PBXBuildFile; fileRef = 6D44478F2A493DDF007F0C79 /* MainView.swift */; };
		6D4447922A493DE0007F0C79 /* Assets.xcassets in Resources */ = {isa = PBXBuildFile; fileRef = 6D4447912A493DE0007F0C79 /* Assets.xcassets */; };
		6D4447952A493DE0007F0C79 /* Preview Assets.xcassets in Resources */ = {isa = PBXBuildFile; fileRef = 6D4447942A493DE0007F0C79 /* Preview Assets.xcassets */; };
		6D44479F2A49477A007F0C79 /* CardGame.swift in Sources */ = {isa = PBXBuildFile; fileRef = 6D44479E2A49477A007F0C79 /* CardGame.swift */; };
		6D4B53012B33003D00CD8459 /* GenerateHands.swift in Sources */ = {isa = PBXBuildFile; fileRef = 6D4B53002B33003D00CD8459 /* GenerateHands.swift */; };
		6D4B53032B36C0AA00CD8459 /* TichuApp.swift in Sources */ = {isa = PBXBuildFile; fileRef = 6D4B53022B36C0AA00CD8459 /* TichuApp.swift */; };
		6D4B53052B40138900CD8459 /* Stack.swift in Sources */ = {isa = PBXBuildFile; fileRef = 6D4B53042B40138900CD8459 /* Stack.swift */; };
		6D4B53072B4013B600CD8459 /* Tichu.swift in Sources */ = {isa = PBXBuildFile; fileRef = 6D4B53062B4013B600CD8459 /* Tichu.swift */; };
		6D4B53092B40147F00CD8459 /* HandType.swift in Sources */ = {isa = PBXBuildFile; fileRef = 6D4B53082B40147F00CD8459 /* HandType.swift */; };
		6D966FF32A4A3CDB000DCEE9 /* TichuGame.swift in Sources */ = {isa = PBXBuildFile; fileRef = 6D966FF22A4A3CDB000DCEE9 /* TichuGame.swift */; };
/* End PBXBuildFile section */

/* Begin PBXContainerItemProxy section */
		6D159E8C2AA0133100AB611D /* PBXContainerItemProxy */ = {
			isa = PBXContainerItemProxy;
			containerPortal = 6D4447822A493DDF007F0C79 /* Project object */;
			proxyType = 1;
			remoteGlobalIDString = 6D4447892A493DDF007F0C79;
			remoteInfo = Tichu;
		};
/* End PBXContainerItemProxy section */

/* Begin PBXFileReference section */
		6D159E882AA0133100AB611D /* TichuTests.xctest */ = {isa = PBXFileReference; explicitFileType = wrapper.cfbundle; includeInIndex = 0; path = TichuTests.xctest; sourceTree = BUILT_PRODUCTS_DIR; };
		6D159E8A2AA0133100AB611D /* TichuTests.swift */ = {isa = PBXFileReference; lastKnownFileType = sourcecode.swift; path = TichuTests.swift; sourceTree = "<group>"; };
		6D159E932AA0137F00AB611D /* EvaluateHandTest.swift */ = {isa = PBXFileReference; lastKnownFileType = sourcecode.swift; path = EvaluateHandTest.swift; sourceTree = "<group>"; };
		6D44478A2A493DDF007F0C79 /* Tichu.app */ = {isa = PBXFileReference; explicitFileType = wrapper.application; includeInIndex = 0; path = Tichu.app; sourceTree = BUILT_PRODUCTS_DIR; };
		6D44478F2A493DDF007F0C79 /* MainView.swift */ = {isa = PBXFileReference; lastKnownFileType = sourcecode.swift; path = MainView.swift; sourceTree = "<group>"; };
		6D4447912A493DE0007F0C79 /* Assets.xcassets */ = {isa = PBXFileReference; lastKnownFileType = folder.assetcatalog; path = Assets.xcassets; sourceTree = "<group>"; };
		6D4447942A493DE0007F0C79 /* Preview Assets.xcassets */ = {isa = PBXFileReference; lastKnownFileType = folder.assetcatalog; path = "Preview Assets.xcassets"; sourceTree = "<group>"; };
		6D44479E2A49477A007F0C79 /* CardGame.swift */ = {isa = PBXFileReference; lastKnownFileType = sourcecode.swift; path = CardGame.swift; sourceTree = "<group>"; };
		6D4B53002B33003D00CD8459 /* GenerateHands.swift */ = {isa = PBXFileReference; lastKnownFileType = sourcecode.swift; name = GenerateHands.swift; path = TichuTests/GenerateHands.swift; sourceTree = "<group>"; };
		6D4B53022B36C0AA00CD8459 /* TichuApp.swift */ = {isa = PBXFileReference; fileEncoding = 4; lastKnownFileType = sourcecode.swift; path = TichuApp.swift; sourceTree = "<group>"; };
		6D4B53042B40138900CD8459 /* Stack.swift */ = {isa = PBXFileReference; lastKnownFileType = sourcecode.swift; path = Stack.swift; sourceTree = "<group>"; };
		6D4B53062B4013B600CD8459 /* Tichu.swift */ = {isa = PBXFileReference; lastKnownFileType = sourcecode.swift; path = Tichu.swift; sourceTree = "<group>"; };
		6D4B53082B40147F00CD8459 /* HandType.swift */ = {isa = PBXFileReference; lastKnownFileType = sourcecode.swift; path = HandType.swift; sourceTree = "<group>"; };
		6D966FF22A4A3CDB000DCEE9 /* TichuGame.swift */ = {isa = PBXFileReference; lastKnownFileType = sourcecode.swift; path = TichuGame.swift; sourceTree = "<group>"; };
/* End PBXFileReference section */

/* Begin PBXFrameworksBuildPhase section */
		6D159E852AA0133100AB611D /* Frameworks */ = {
			isa = PBXFrameworksBuildPhase;
			buildActionMask = 2147483647;
			files = (
			);
			runOnlyForDeploymentPostprocessing = 0;
		};
		6D4447872A493DDF007F0C79 /* Frameworks */ = {
			isa = PBXFrameworksBuildPhase;
			buildActionMask = 2147483647;
			files = (
			);
			runOnlyForDeploymentPostprocessing = 0;
		};
/* End PBXFrameworksBuildPhase section */

/* Begin PBXGroup section */
		6D159E892AA0133100AB611D /* TichuTests */ = {
			isa = PBXGroup;
			children = (
				6D159E8A2AA0133100AB611D /* TichuTests.swift */,
				6D159E932AA0137F00AB611D /* EvaluateHandTest.swift */,
			);
			path = TichuTests;
			sourceTree = "<group>";
		};
		6D4447812A493DDF007F0C79 = {
			isa = PBXGroup;
			children = (
				6D4B53082B40147F00CD8459 /* HandType.swift */,
				6D4B53062B4013B600CD8459 /* Tichu.swift */,
				6D4B53042B40138900CD8459 /* Stack.swift */,
				6D4B53002B33003D00CD8459 /* GenerateHands.swift */,
				6D44478C2A493DDF007F0C79 /* Tichu */,
				6D159E892AA0133100AB611D /* TichuTests */,
				6D44478B2A493DDF007F0C79 /* Products */,
			);
			sourceTree = "<group>";
		};
		6D44478B2A493DDF007F0C79 /* Products */ = {
			isa = PBXGroup;
			children = (
				6D44478A2A493DDF007F0C79 /* Tichu.app */,
				6D159E882AA0133100AB611D /* TichuTests.xctest */,
			);
			name = Products;
			sourceTree = "<group>";
		};
		6D44478C2A493DDF007F0C79 /* Tichu */ = {
			isa = PBXGroup;
			children = (
				6D44478F2A493DDF007F0C79 /* MainView.swift */,
				6D44479E2A49477A007F0C79 /* CardGame.swift */,
				6D966FF22A4A3CDB000DCEE9 /* TichuGame.swift */,
				6D4B53022B36C0AA00CD8459 /* TichuApp.swift */,
				6D4447912A493DE0007F0C79 /* Assets.xcassets */,
				6D4447932A493DE0007F0C79 /* Preview Content */,
			);
			path = Tichu;
			sourceTree = "<group>";
		};
		6D4447932A493DE0007F0C79 /* Preview Content */ = {
			isa = PBXGroup;
			children = (
				6D4447942A493DE0007F0C79 /* Preview Assets.xcassets */,
			);
			path = "Preview Content";
			sourceTree = "<group>";
		};
/* End PBXGroup section */

/* Begin PBXNativeTarget section */
		6D159E872AA0133100AB611D /* TichuTests */ = {
			isa = PBXNativeTarget;
			buildConfigurationList = 6D159E902AA0133100AB611D /* Build configuration list for PBXNativeTarget "TichuTests" */;
			buildPhases = (
				6D159E842AA0133100AB611D /* Sources */,
				6D159E852AA0133100AB611D /* Frameworks */,
				6D159E862AA0133100AB611D /* Resources */,
			);
			buildRules = (
			);
			dependencies = (
				6D159E8D2AA0133100AB611D /* PBXTargetDependency */,
			);
			name = TichuTests;
			productName = TichuTests;
			productReference = 6D159E882AA0133100AB611D /* TichuTests.xctest */;
			productType = "com.apple.product-type.bundle.unit-test";
		};
		6D4447892A493DDF007F0C79 /* Tichu */ = {
			isa = PBXNativeTarget;
			buildConfigurationList = 6D4447982A493DE0007F0C79 /* Build configuration list for PBXNativeTarget "Tichu" */;
			buildPhases = (
				6D4447862A493DDF007F0C79 /* Sources */,
				6D4447872A493DDF007F0C79 /* Frameworks */,
				6D4447882A493DDF007F0C79 /* Resources */,
			);
			buildRules = (
			);
			dependencies = (
			);
			name = Tichu;
			productName = Tichu;
			productReference = 6D44478A2A493DDF007F0C79 /* Tichu.app */;
			productType = "com.apple.product-type.application";
		};
/* End PBXNativeTarget section */

/* Begin PBXProject section */
		6D4447822A493DDF007F0C79 /* Project object */ = {
			isa = PBXProject;
			attributes = {
				BuildIndependentTargetsInParallel = 1;
				LastSwiftUpdateCheck = 1430;
				LastUpgradeCheck = 1420;
				TargetAttributes = {
					6D159E872AA0133100AB611D = {
						CreatedOnToolsVersion = 14.3.1;
						TestTargetID = 6D4447892A493DDF007F0C79;
					};
					6D4447892A493DDF007F0C79 = {
						CreatedOnToolsVersion = 14.2;
					};
				};
			};
			buildConfigurationList = 6D4447852A493DDF007F0C79 /* Build configuration list for PBXProject "Tichu" */;
			compatibilityVersion = "Xcode 14.0";
			developmentRegion = en;
			hasScannedForEncodings = 0;
			knownRegions = (
				en,
				Base,
			);
			mainGroup = 6D4447812A493DDF007F0C79;
			productRefGroup = 6D44478B2A493DDF007F0C79 /* Products */;
			projectDirPath = "";
			projectRoot = "";
			targets = (
				6D4447892A493DDF007F0C79 /* Tichu */,
				6D159E872AA0133100AB611D /* TichuTests */,
			);
		};
/* End PBXProject section */

/* Begin PBXResourcesBuildPhase section */
		6D159E862AA0133100AB611D /* Resources */ = {
			isa = PBXResourcesBuildPhase;
			buildActionMask = 2147483647;
			files = (
			);
			runOnlyForDeploymentPostprocessing = 0;
		};
		6D4447882A493DDF007F0C79 /* Resources */ = {
			isa = PBXResourcesBuildPhase;
			buildActionMask = 2147483647;
			files = (
				6D4447952A493DE0007F0C79 /* Preview Assets.xcassets in Resources */,
				6D4447922A493DE0007F0C79 /* Assets.xcassets in Resources */,
			);
			runOnlyForDeploymentPostprocessing = 0;
		};
/* End PBXResourcesBuildPhase section */

/* Begin PBXSourcesBuildPhase section */
		6D159E842AA0133100AB611D /* Sources */ = {
			isa = PBXSourcesBuildPhase;
			buildActionMask = 2147483647;
			files = (
				6D159E8B2AA0133100AB611D /* TichuTests.swift in Sources */,
				6D159E942AA0137F00AB611D /* EvaluateHandTest.swift in Sources */,
				6D4B53012B33003D00CD8459 /* GenerateHands.swift in Sources */,
			);
			runOnlyForDeploymentPostprocessing = 0;
		};
		6D4447862A493DDF007F0C79 /* Sources */ = {
			isa = PBXSourcesBuildPhase;
			buildActionMask = 2147483647;
			files = (
				6D4447902A493DDF007F0C79 /* MainView.swift in Sources */,
				6D4B53052B40138900CD8459 /* Stack.swift in Sources */,
				6D966FF32A4A3CDB000DCEE9 /* TichuGame.swift in Sources */,
				6D4B53092B40147F00CD8459 /* HandType.swift in Sources */,
				6D44479F2A49477A007F0C79 /* CardGame.swift in Sources */,
				6D4B53032B36C0AA00CD8459 /* TichuApp.swift in Sources */,
				6D4B53072B4013B600CD8459 /* Tichu.swift in Sources */,
			);
			runOnlyForDeploymentPostprocessing = 0;
		};
/* End PBXSourcesBuildPhase section */

/* Begin PBXTargetDependency section */
		6D159E8D2AA0133100AB611D /* PBXTargetDependency */ = {
			isa = PBXTargetDependency;
			target = 6D4447892A493DDF007F0C79 /* Tichu */;
			targetProxy = 6D159E8C2AA0133100AB611D /* PBXContainerItemProxy */;
		};
/* End PBXTargetDependency section */

/* Begin XCBuildConfiguration section */
		6D159E8E2AA0133100AB611D /* Debug */ = {
			isa = XCBuildConfiguration;
			buildSettings = {
				BUNDLE_LOADER = "$(TEST_HOST)";
				CODE_SIGN_STYLE = Automatic;
				CURRENT_PROJECT_VERSION = 1;
				GENERATE_INFOPLIST_FILE = YES;
				IPHONEOS_DEPLOYMENT_TARGET = 16.4;
				MARKETING_VERSION = 1.0;
				PRODUCT_BUNDLE_IDENTIFIER = "sakthi-vetrivel.TichuTests";
				PRODUCT_NAME = "$(TARGET_NAME)";
				SWIFT_EMIT_LOC_STRINGS = NO;
				SWIFT_VERSION = 5.0;
				TARGETED_DEVICE_FAMILY = "1,2";
				TEST_HOST = "$(BUILT_PRODUCTS_DIR)/Tichu.app/$(BUNDLE_EXECUTABLE_FOLDER_PATH)/Tichu";
			};
			name = Debug;
		};
		6D159E8F2AA0133100AB611D /* Release */ = {
			isa = XCBuildConfiguration;
			buildSettings = {
				BUNDLE_LOADER = "$(TEST_HOST)";
				CODE_SIGN_STYLE = Automatic;
				CURRENT_PROJECT_VERSION = 1;
				GENERATE_INFOPLIST_FILE = YES;
				IPHONEOS_DEPLOYMENT_TARGET = 16.4;
				MARKETING_VERSION = 1.0;
				PRODUCT_BUNDLE_IDENTIFIER = "sakthi-vetrivel.TichuTests";
				PRODUCT_NAME = "$(TARGET_NAME)";
				SWIFT_EMIT_LOC_STRINGS = NO;
				SWIFT_VERSION = 5.0;
				TARGETED_DEVICE_FAMILY = "1,2";
				TEST_HOST = "$(BUILT_PRODUCTS_DIR)/Tichu.app/$(BUNDLE_EXECUTABLE_FOLDER_PATH)/Tichu";
			};
			name = Release;
		};
		6D4447962A493DE0007F0C79 /* Debug */ = {
			isa = XCBuildConfiguration;
			buildSettings = {
				ALWAYS_SEARCH_USER_PATHS = NO;
				CLANG_ANALYZER_NONNULL = YES;
				CLANG_ANALYZER_NUMBER_OBJECT_CONVERSION = YES_AGGRESSIVE;
				CLANG_CXX_LANGUAGE_STANDARD = "gnu++20";
				CLANG_ENABLE_MODULES = YES;
				CLANG_ENABLE_OBJC_ARC = YES;
				CLANG_ENABLE_OBJC_WEAK = YES;
				CLANG_WARN_BLOCK_CAPTURE_AUTORELEASING = YES;
				CLANG_WARN_BOOL_CONVERSION = YES;
				CLANG_WARN_COMMA = YES;
				CLANG_WARN_CONSTANT_CONVERSION = YES;
				CLANG_WARN_DEPRECATED_OBJC_IMPLEMENTATIONS = YES;
				CLANG_WARN_DIRECT_OBJC_ISA_USAGE = YES_ERROR;
				CLANG_WARN_DOCUMENTATION_COMMENTS = YES;
				CLANG_WARN_EMPTY_BODY = YES;
				CLANG_WARN_ENUM_CONVERSION = YES;
				CLANG_WARN_INFINITE_RECURSION = YES;
				CLANG_WARN_INT_CONVERSION = YES;
				CLANG_WARN_NON_LITERAL_NULL_CONVERSION = YES;
				CLANG_WARN_OBJC_IMPLICIT_RETAIN_SELF = YES;
				CLANG_WARN_OBJC_LITERAL_CONVERSION = YES;
				CLANG_WARN_OBJC_ROOT_CLASS = YES_ERROR;
				CLANG_WARN_QUOTED_INCLUDE_IN_FRAMEWORK_HEADER = YES;
				CLANG_WARN_RANGE_LOOP_ANALYSIS = YES;
				CLANG_WARN_STRICT_PROTOTYPES = YES;
				CLANG_WARN_SUSPICIOUS_MOVE = YES;
				CLANG_WARN_UNGUARDED_AVAILABILITY = YES_AGGRESSIVE;
				CLANG_WARN_UNREACHABLE_CODE = YES;
				CLANG_WARN__DUPLICATE_METHOD_MATCH = YES;
				COPY_PHASE_STRIP = NO;
				DEBUG_INFORMATION_FORMAT = dwarf;
				ENABLE_STRICT_OBJC_MSGSEND = YES;
				ENABLE_TESTABILITY = YES;
				GCC_C_LANGUAGE_STANDARD = gnu11;
				GCC_DYNAMIC_NO_PIC = NO;
				GCC_NO_COMMON_BLOCKS = YES;
				GCC_OPTIMIZATION_LEVEL = 0;
				GCC_PREPROCESSOR_DEFINITIONS = (
					"DEBUG=1",
					"$(inherited)",
				);
				GCC_WARN_64_TO_32_BIT_CONVERSION = YES;
				GCC_WARN_ABOUT_RETURN_TYPE = YES_ERROR;
				GCC_WARN_UNDECLARED_SELECTOR = YES;
				GCC_WARN_UNINITIALIZED_AUTOS = YES_AGGRESSIVE;
				GCC_WARN_UNUSED_FUNCTION = YES;
				GCC_WARN_UNUSED_VARIABLE = YES;
				IPHONEOS_DEPLOYMENT_TARGET = 16.2;
				MTL_ENABLE_DEBUG_INFO = INCLUDE_SOURCE;
				MTL_FAST_MATH = YES;
				ONLY_ACTIVE_ARCH = YES;
				SDKROOT = iphoneos;
				SWIFT_ACTIVE_COMPILATION_CONDITIONS = DEBUG;
				SWIFT_OPTIMIZATION_LEVEL = "-Onone";
			};
			name = Debug;
		};
		6D4447972A493DE0007F0C79 /* Release */ = {
			isa = XCBuildConfiguration;
			buildSettings = {
				ALWAYS_SEARCH_USER_PATHS = NO;
				CLANG_ANALYZER_NONNULL = YES;
				CLANG_ANALYZER_NUMBER_OBJECT_CONVERSION = YES_AGGRESSIVE;
				CLANG_CXX_LANGUAGE_STANDARD = "gnu++20";
				CLANG_ENABLE_MODULES = YES;
				CLANG_ENABLE_OBJC_ARC = YES;
				CLANG_ENABLE_OBJC_WEAK = YES;
				CLANG_WARN_BLOCK_CAPTURE_AUTORELEASING = YES;
				CLANG_WARN_BOOL_CONVERSION = YES;
				CLANG_WARN_COMMA = YES;
				CLANG_WARN_CONSTANT_CONVERSION = YES;
				CLANG_WARN_DEPRECATED_OBJC_IMPLEMENTATIONS = YES;
				CLANG_WARN_DIRECT_OBJC_ISA_USAGE = YES_ERROR;
				CLANG_WARN_DOCUMENTATION_COMMENTS = YES;
				CLANG_WARN_EMPTY_BODY = YES;
				CLANG_WARN_ENUM_CONVERSION = YES;
				CLANG_WARN_INFINITE_RECURSION = YES;
				CLANG_WARN_INT_CONVERSION = YES;
				CLANG_WARN_NON_LITERAL_NULL_CONVERSION = YES;
				CLANG_WARN_OBJC_IMPLICIT_RETAIN_SELF = YES;
				CLANG_WARN_OBJC_LITERAL_CONVERSION = YES;
				CLANG_WARN_OBJC_ROOT_CLASS = YES_ERROR;
				CLANG_WARN_QUOTED_INCLUDE_IN_FRAMEWORK_HEADER = YES;
				CLANG_WARN_RANGE_LOOP_ANALYSIS = YES;
				CLANG_WARN_STRICT_PROTOTYPES = YES;
				CLANG_WARN_SUSPICIOUS_MOVE = YES;
				CLANG_WARN_UNGUARDED_AVAILABILITY = YES_AGGRESSIVE;
				CLANG_WARN_UNREACHABLE_CODE = YES;
				CLANG_WARN__DUPLICATE_METHOD_MATCH = YES;
				COPY_PHASE_STRIP = NO;
				DEBUG_INFORMATION_FORMAT = "dwarf-with-dsym";
				ENABLE_NS_ASSERTIONS = NO;
				ENABLE_STRICT_OBJC_MSGSEND = YES;
				GCC_C_LANGUAGE_STANDARD = gnu11;
				GCC_NO_COMMON_BLOCKS = YES;
				GCC_WARN_64_TO_32_BIT_CONVERSION = YES;
				GCC_WARN_ABOUT_RETURN_TYPE = YES_ERROR;
				GCC_WARN_UNDECLARED_SELECTOR = YES;
				GCC_WARN_UNINITIALIZED_AUTOS = YES_AGGRESSIVE;
				GCC_WARN_UNUSED_FUNCTION = YES;
				GCC_WARN_UNUSED_VARIABLE = YES;
				IPHONEOS_DEPLOYMENT_TARGET = 16.2;
				MTL_ENABLE_DEBUG_INFO = NO;
				MTL_FAST_MATH = YES;
				SDKROOT = iphoneos;
				SWIFT_COMPILATION_MODE = wholemodule;
				SWIFT_OPTIMIZATION_LEVEL = "-O";
				VALIDATE_PRODUCT = YES;
			};
			name = Release;
		};
		6D4447992A493DE0007F0C79 /* Debug */ = {
			isa = XCBuildConfiguration;
			buildSettings = {
				ASSETCATALOG_COMPILER_APPICON_NAME = AppIcon;
				ASSETCATALOG_COMPILER_GLOBAL_ACCENT_COLOR_NAME = AccentColor;
				CODE_SIGN_STYLE = Automatic;
				CURRENT_PROJECT_VERSION = 1;
				DEVELOPMENT_ASSET_PATHS = "\"Tichu/Preview Content\"";
				ENABLE_PREVIEWS = YES;
				GENERATE_INFOPLIST_FILE = YES;
				INFOPLIST_KEY_UIApplicationSceneManifest_Generation = YES;
				INFOPLIST_KEY_UIApplicationSupportsIndirectInputEvents = YES;
				INFOPLIST_KEY_UILaunchScreen_Generation = YES;
				INFOPLIST_KEY_UISupportedInterfaceOrientations_iPad = "UIInterfaceOrientationPortrait UIInterfaceOrientationPortraitUpsideDown UIInterfaceOrientationLandscapeLeft UIInterfaceOrientationLandscapeRight";
				INFOPLIST_KEY_UISupportedInterfaceOrientations_iPhone = "UIInterfaceOrientationPortrait UIInterfaceOrientationLandscapeLeft UIInterfaceOrientationLandscapeRight";
				LD_RUNPATH_SEARCH_PATHS = (
					"$(inherited)",
					"@executable_path/Frameworks",
				);
				MARKETING_VERSION = 1.0;
				PRODUCT_BUNDLE_IDENTIFIER = "sakthi-vetrivel.Tichu";
				PRODUCT_NAME = "$(TARGET_NAME)";
				SWIFT_EMIT_LOC_STRINGS = YES;
				SWIFT_VERSION = 5.0;
				TARGETED_DEVICE_FAMILY = "1,2";
			};
			name = Debug;
		};
		6D44479A2A493DE0007F0C79 /* Release */ = {
			isa = XCBuildConfiguration;
			buildSettings = {
				ASSETCATALOG_COMPILER_APPICON_NAME = AppIcon;
				ASSETCATALOG_COMPILER_GLOBAL_ACCENT_COLOR_NAME = AccentColor;
				CODE_SIGN_STYLE = Automatic;
				CURRENT_PROJECT_VERSION = 1;
				DEVELOPMENT_ASSET_PATHS = "\"Tichu/Preview Content\"";
				ENABLE_PREVIEWS = YES;
				GENERATE_INFOPLIST_FILE = YES;
				INFOPLIST_KEY_UIApplicationSceneManifest_Generation = YES;
				INFOPLIST_KEY_UIApplicationSupportsIndirectInputEvents = YES;
				INFOPLIST_KEY_UILaunchScreen_Generation = YES;
				INFOPLIST_KEY_UISupportedInterfaceOrientations_iPad = "UIInterfaceOrientationPortrait UIInterfaceOrientationPortraitUpsideDown UIInterfaceOrientationLandscapeLeft UIInterfaceOrientationLandscapeRight";
				INFOPLIST_KEY_UISupportedInterfaceOrientations_iPhone = "UIInterfaceOrientationPortrait UIInterfaceOrientationLandscapeLeft UIInterfaceOrientationLandscapeRight";
				LD_RUNPATH_SEARCH_PATHS = (
					"$(inherited)",
					"@executable_path/Frameworks",
				);
				MARKETING_VERSION = 1.0;
				PRODUCT_BUNDLE_IDENTIFIER = "sakthi-vetrivel.Tichu";
				PRODUCT_NAME = "$(TARGET_NAME)";
				SWIFT_EMIT_LOC_STRINGS = YES;
				SWIFT_VERSION = 5.0;
				TARGETED_DEVICE_FAMILY = "1,2";
			};
			name = Release;
		};
/* End XCBuildConfiguration section */

/* Begin XCConfigurationList section */
		6D159E902AA0133100AB611D /* Build configuration list for PBXNativeTarget "TichuTests" */ = {
			isa = XCConfigurationList;
			buildConfigurations = (
				6D159E8E2AA0133100AB611D /* Debug */,
				6D159E8F2AA0133100AB611D /* Release */,
			);
			defaultConfigurationIsVisible = 0;
			defaultConfigurationName = Release;
		};
		6D4447852A493DDF007F0C79 /* Build configuration list for PBXProject "Tichu" */ = {
			isa = XCConfigurationList;
			buildConfigurations = (
				6D4447962A493DE0007F0C79 /* Debug */,
				6D4447972A493DE0007F0C79 /* Release */,
			);
			defaultConfigurationIsVisible = 0;
			defaultConfigurationName = Release;
		};
		6D4447982A493DE0007F0C79 /* Build configuration list for PBXNativeTarget "Tichu" */ = {
			isa = XCConfigurationList;
			buildConfigurations = (
				6D4447992A493DE0007F0C79 /* Debug */,
				6D44479A2A493DE0007F0C79 /* Release */,
			);
			defaultConfigurationIsVisible = 0;
			defaultConfigurationName = Release;
		};
/* End XCConfigurationList section */
	};
	rootObject = 6D4447822A493DDF007F0C79 /* Project object */;
}
